
Microsoft Visual Studio Solution File, Format Version 12.00
# Visual Studio Version 17
VisualStudioVersion = 17.4.33213.308
MinimumVisualStudioVersion = 10.0.40219.1
Project("{FAE04EC0-301F-11D3-BF4B-00C04F79EFBC}") = "TestApp", "TestApp.csproj", "{10207D93-6887-42BA-8333-F038085B7D8E}"
EndProject
Project("{FAE04EC0-301F-11D3-BF4B-00C04F79EFBC}") = "TestApp.Test", "..\TestApp.Test\TestApp.Test.csproj", "{3380AC10-4E8C-41D7-ABF7-24FAAD766731}"
EndProject
Global
	GlobalSection(SolutionConfigurationPlatforms) = preSolution
		Debug|Any CPU = Debug|Any CPU
		Release|Any CPU = Release|Any CPU
	EndGlobalSection
	GlobalSection(ProjectConfigurationPlatforms) = postSolution
		{10207D93-6887-42BA-8333-F038085B7D8E}.Debug|Any CPU.ActiveCfg = Debug|Any CPU
		{10207D93-6887-42BA-8333-F038085B7D8E}.Debug|Any CPU.Build.0 = Debug|Any CPU
		{10207D93-6887-42BA-8333-F038085B7D8E}.Release|Any CPU.ActiveCfg = Release|Any CPU
		{10207D93-6887-42BA-8333-F038085B7D8E}.Release|Any CPU.Build.0 = Release|Any CPU
		{3380AC10-4E8C-41D7-ABF7-24FAAD766731}.Debug|Any CPU.ActiveCfg = Debug|Any CPU
		{3380AC10-4E8C-41D7-ABF7-24FAAD766731}.Debug|Any CPU.Build.0 = Debug|Any CPU
		{3380AC10-4E8C-41D7-ABF7-24FAAD766731}.Release|Any CPU.ActiveCfg = Release|Any CPU
		{3380AC10-4E8C-41D7-ABF7-24FAAD766731}.Release|Any CPU.Build.0 = Release|Any CPU
	EndGlobalSection
	GlobalSection(SolutionProperties) = preSolution
		HideSolutionNode = FALSE
	EndGlobalSection
	GlobalSection(ExtensibilityGlobals) = postSolution
		SolutionGuid = {35801F55-F873-4174-94D3-65EDECA1E52E}
	EndGlobalSection
EndGlobal
